
Microsoft Visual Studio Solution File, Format Version 12.00
# Visual Studio Version 16
VisualStudioVersion = 16.6.30114.105
MinimumVisualStudioVersion = 10.0.40219.1
Project("{2150E333-8FDC-42A3-9474-1A3956D46DE8}") = "src", "src", "{9484772E-8255-4110-8F6A-02FC86EFDBF7}"
EndProject
Project("{FAE04EC0-301F-11D3-BF4B-00C04F79EFBC}") = "CsharpPokedex.Api", "src\CsharpPokedex.Api\CsharpPokedex.Api.csproj", "{24704C24-CD7D-49C3-9564-0FEEF3B8AE7F}"
EndProject
Project("{2150E333-8FDC-42A3-9474-1A3956D46DE8}") = "tests", "tests", "{71CD01CC-A63C-46C0-8684-18241C48C00C}"
EndProject
Project("{FAE04EC0-301F-11D3-BF4B-00C04F79EFBC}") = "CsharpPokedex.Api.UnitTests", "tests\CsharpPokedex.Api.UnitTests\CsharpPokedex.Api.UnitTests.csproj", "{266487B8-7AA1-4726-BEA3-864543EFB803}"
EndProject
Project("{FAE04EC0-301F-11D3-BF4B-00C04F79EFBC}") = "CsharpPokedex.Api.IntegrationTests", "tests\CsharpPokedex.Api.IntegrationTests\CsharpPokedex.Api.IntegrationTests.csproj", "{B6F07CA9-A24E-4CDF-A7D7-C1567A5159B7}"
EndProject
Global
	GlobalSection(SolutionConfigurationPlatforms) = preSolution
		Debug|Any CPU = Debug|Any CPU
		Debug|x64 = Debug|x64
		Debug|x86 = Debug|x86
		Release|Any CPU = Release|Any CPU
		Release|x64 = Release|x64
		Release|x86 = Release|x86
	EndGlobalSection
	GlobalSection(SolutionProperties) = preSolution
		HideSolutionNode = FALSE
	EndGlobalSection
	GlobalSection(ProjectConfigurationPlatforms) = postSolution
		{24704C24-CD7D-49C3-9564-0FEEF3B8AE7F}.Debug|Any CPU.ActiveCfg = Debug|Any CPU
		{24704C24-CD7D-49C3-9564-0FEEF3B8AE7F}.Debug|Any CPU.Build.0 = Debug|Any CPU
		{24704C24-CD7D-49C3-9564-0FEEF3B8AE7F}.Debug|x64.ActiveCfg = Debug|Any CPU
		{24704C24-CD7D-49C3-9564-0FEEF3B8AE7F}.Debug|x64.Build.0 = Debug|Any CPU
		{24704C24-CD7D-49C3-9564-0FEEF3B8AE7F}.Debug|x86.ActiveCfg = Debug|Any CPU
		{24704C24-CD7D-49C3-9564-0FEEF3B8AE7F}.Debug|x86.Build.0 = Debug|Any CPU
		{24704C24-CD7D-49C3-9564-0FEEF3B8AE7F}.Release|Any CPU.ActiveCfg = Release|Any CPU
		{24704C24-CD7D-49C3-9564-0FEEF3B8AE7F}.Release|Any CPU.Build.0 = Release|Any CPU
		{24704C24-CD7D-49C3-9564-0FEEF3B8AE7F}.Release|x64.ActiveCfg = Release|Any CPU
		{24704C24-CD7D-49C3-9564-0FEEF3B8AE7F}.Release|x64.Build.0 = Release|Any CPU
		{24704C24-CD7D-49C3-9564-0FEEF3B8AE7F}.Release|x86.ActiveCfg = Release|Any CPU
		{24704C24-CD7D-49C3-9564-0FEEF3B8AE7F}.Release|x86.Build.0 = Release|Any CPU
		{266487B8-7AA1-4726-BEA3-864543EFB803}.Debug|Any CPU.ActiveCfg = Debug|Any CPU
		{266487B8-7AA1-4726-BEA3-864543EFB803}.Debug|Any CPU.Build.0 = Debug|Any CPU
		{266487B8-7AA1-4726-BEA3-864543EFB803}.Debug|x64.ActiveCfg = Debug|Any CPU
		{266487B8-7AA1-4726-BEA3-864543EFB803}.Debug|x64.Build.0 = Debug|Any CPU
		{266487B8-7AA1-4726-BEA3-864543EFB803}.Debug|x86.ActiveCfg = Debug|Any CPU
		{266487B8-7AA1-4726-BEA3-864543EFB803}.Debug|x86.Build.0 = Debug|Any CPU
		{266487B8-7AA1-4726-BEA3-864543EFB803}.Release|Any CPU.ActiveCfg = Release|Any CPU
		{266487B8-7AA1-4726-BEA3-864543EFB803}.Release|Any CPU.Build.0 = Release|Any CPU
		{266487B8-7AA1-4726-BEA3-864543EFB803}.Release|x64.ActiveCfg = Release|Any CPU
		{266487B8-7AA1-4726-BEA3-864543EFB803}.Release|x64.Build.0 = Release|Any CPU
		{266487B8-7AA1-4726-BEA3-864543EFB803}.Release|x86.ActiveCfg = Release|Any CPU
		{266487B8-7AA1-4726-BEA3-864543EFB803}.Release|x86.Build.0 = Release|Any CPU
		{B6F07CA9-A24E-4CDF-A7D7-C1567A5159B7}.Debug|Any CPU.ActiveCfg = Debug|Any CPU
		{B6F07CA9-A24E-4CDF-A7D7-C1567A5159B7}.Debug|Any CPU.Build.0 = Debug|Any CPU
		{B6F07CA9-A24E-4CDF-A7D7-C1567A5159B7}.Debug|x64.ActiveCfg = Debug|Any CPU
		{B6F07CA9-A24E-4CDF-A7D7-C1567A5159B7}.Debug|x64.Build.0 = Debug|Any CPU
		{B6F07CA9-A24E-4CDF-A7D7-C1567A5159B7}.Debug|x86.ActiveCfg = Debug|Any CPU
		{B6F07CA9-A24E-4CDF-A7D7-C1567A5159B7}.Debug|x86.Build.0 = Debug|Any CPU
		{B6F07CA9-A24E-4CDF-A7D7-C1567A5159B7}.Release|Any CPU.ActiveCfg = Release|Any CPU
		{B6F07CA9-A24E-4CDF-A7D7-C1567A5159B7}.Release|Any CPU.Build.0 = Release|Any CPU
		{B6F07CA9-A24E-4CDF-A7D7-C1567A5159B7}.Release|x64.ActiveCfg = Release|Any CPU
		{B6F07CA9-A24E-4CDF-A7D7-C1567A5159B7}.Release|x64.Build.0 = Release|Any CPU
		{B6F07CA9-A24E-4CDF-A7D7-C1567A5159B7}.Release|x86.ActiveCfg = Release|Any CPU
		{B6F07CA9-A24E-4CDF-A7D7-C1567A5159B7}.Release|x86.Build.0 = Release|Any CPU
	EndGlobalSection
	GlobalSection(NestedProjects) = preSolution
		{24704C24-CD7D-49C3-9564-0FEEF3B8AE7F} = {9484772E-8255-4110-8F6A-02FC86EFDBF7}
		{266487B8-7AA1-4726-BEA3-864543EFB803} = {71CD01CC-A63C-46C0-8684-18241C48C00C}
		{B6F07CA9-A24E-4CDF-A7D7-C1567A5159B7} = {71CD01CC-A63C-46C0-8684-18241C48C00C}
	EndGlobalSection
EndGlobal
